{
  "buildHash": "742830fc1eddfe31e55429106b960565",
  "jsApi": {
    "apiInstances": [],
    "apiAliases": {
      "src/Declared/Print.mad#DeclarationRenderer": "(String -> String -> List String -> String -> String)",
      "src/Declared.mad#ParsedValidation": "{ flags :: List Flag, issues :: List Invalid }"
    },
    "apiInterfaces": {},
    "apiNames": {
      "src/Flags.mad#isFlag": "String -> Boolean",
      "src/String.mad#splitLowerKebab": "Fission",
      "src/Log.mad#log": "(Show a, Show b, Show c, Show d, Show e) => { detail :: String -> e -> e, detailStack :: String -> d -> d, error :: String -> c -> c, tag :: String -> b -> b, validate :: String -> a -> a }",
      "validate": "List DeclaredFlag -> List Flag -> Either (List Invalid) (List Flag)",
      "src/Flags.mad#_handleStringFlag": "List Flag -> List String -> String -> List Flag",
      "src/String.mad#camelToKebab": "String -> String",
      "src/Declared.mad#ExpectedBoolean": "String -> Invalid",
      "printMarkdownLegend": "List DeclaredFlag -> String",
      "src/String.mad#lowerKebab": "Pair",
      "off": "String -> Flag",
      "src/String.mad#camelToFlag": "String -> String",
      "src/Log.mad#LOGS": "{ detail :: Tag, detailStack :: Tag, error :: Tag, tag :: Tag, validate :: Tag }",
      "printLegendWithColor": "List DeclaredFlag -> String",
      "DeclaredFlag": "FlagKind -> String -> List String -> String -> DeclaredFlag",
      "flagBoolean": "String -> List String -> String -> DeclaredFlag",
      "src/Flags.mad#_handleBooleanFlag": "List Flag -> String -> String -> List Flag",
      "src/Declared.mad#ExpectedString": "String -> Invalid",
      "ExpectedBoolean": "String -> Invalid",
      "src/Declared/Print.mad#printMarkdownLegend": "List DeclaredFlag -> String",
      "src/Declared.mad#flagBoolean": "String -> List String -> String -> DeclaredFlag",
      "src/Declared.mad#UnexpectedFlag": "String -> Invalid",
      "Flag": "String -> String -> Flag",
      "src/Declared/Flags.mad#flagBoolean": "String -> List String -> String -> DeclaredFlag",
      "src/Flags.mad#_handleMultipleBooleanFlags": "List Flag -> List String -> List Flag",
      "src/Flags.mad#isStringFlag": "String -> Boolean",
      "src/String.mad#kebabToCamel": "String -> String",
      "src/Flags.mad#on": "String -> Flag",
      "src/String.mad#flagToCamel": "String -> String",
      "flagString": "String -> List String -> String -> DeclaredFlag",
      "FlagToggle": "String -> Boolean -> Flag",
      "src/Declared/Print.mad#printLegendWithColor": "List DeclaredFlag -> String",
      "printLegend": "List DeclaredFlag -> String",
      "printIssues": "List Invalid -> String",
      "src/Declared.mad#printMarkdownLegend": "List DeclaredFlag -> String",
      "src/Declared.mad#printLegend": "List DeclaredFlag -> String",
      "check": "List DeclaredFlag -> List Flag -> { flags :: List Flag, issues :: List Invalid }",
      "src/Flags.mad#_splitJointFlags": "String -> List String",
      "ExpectedString": "String -> Invalid",
      "isNegatedFlag": "String -> Boolean",
      "on": "String -> Flag",
      "src/Declared/Print.mad#printIssues": "List Invalid -> String",
      "src/Declared/Print.mad#printWithRenderer": "(String -> String -> List String -> String -> String) -> List DeclaredFlag -> String",
      "src/Declared.mad#check": "List DeclaredFlag -> List Flag -> { flags :: List Flag, issues :: List Invalid }",
      "src/Flags.mad#isShortFlag": "String -> Boolean",
      "printWithRenderer": "(String -> String -> List String -> String -> String) -> List DeclaredFlag -> String",
      "src/Declared.mad#FBoolean": "FlagKind",
      "src/String.mad#stripQuotes": "String -> String",
      "src/Flags.mad#off": "String -> Flag",
      "parseFlags": "List String -> List Flag",
      "src/Flags.mad#isNegatedFlag": "String -> Boolean",
      "src/Declared.mad#printLegendWithColor": "List DeclaredFlag -> String",
      "src/Declared/Print.mad#printLegend": "List DeclaredFlag -> String",
      "src/Flags.mad#_updateStack": "List Flag -> Maybe (List String) -> List String -> List Flag",
      "isShortFlag": "String -> Boolean",
      "src/Flags.mad#parseFlags": "List String -> List Flag",
      "src/Declared.mad#validate": "List DeclaredFlag -> List Flag -> Either (List Invalid) (List Flag)",
      "src/Declared.mad#flagify": "String -> String",
      "src/Declared/Print.mad#flagify": "String -> String",
      "src/Declared.mad#printIssues": "List Invalid -> String",
      "src/String.mad#_translate": "Boolean -> String -> String",
      "src/Declared.mad#flagString": "String -> List String -> String -> DeclaredFlag",
      "src/String.mad#hasCapitals": "String -> Boolean",
      "src/Flags.mad#_handleOtherFlags": "List Flag -> String -> List String -> List Flag",
      "flagSlug": "String -> String",
      "src/Declared/Flags.mad#flagString": "String -> List String -> String -> DeclaredFlag",
      "src/Declared.mad#DeclaredFlag": "FlagKind -> String -> List String -> String -> DeclaredFlag",
      "UnexpectedFlag": "String -> Invalid",
      "isStringFlag": "String -> Boolean",
      "src/Declared.mad#FString": "FlagKind",
      "flagify": "String -> String",
      "isFlag": "String -> Boolean",
      "src/String.mad#joinLowerKebab": "Fusion",
      "src/Flags.mad#flagSlug": "String -> String",
      "src/Declared.mad#printWithRenderer": "(String -> String -> List String -> String -> String) -> List DeclaredFlag -> String"
    },
    "apiTypes": {
      "src/Declared/Flags.mad#Invalid": [
        "ExpectedBoolean String",
        "ExpectedString String",
        "UnexpectedFlag String"
      ],
      "src/Declared/Flags.mad#DeclaredFlag": [
        "DeclaredFlag FlagKind String (List String) String"
      ],
      "src/Declared/Flags.mad#FlagKind": [
        "FString",
        "FBoolean"
      ],
      "src/Flags.mad#Flag": [
        "FlagToggle String Boolean",
        "Flag String String"
      ]
    }
  },
  "llvmApi": {
    "apiInstances": [],
    "apiAliases": {
      "src/Declared/Print.mad#DeclarationRenderer": "(String -> String -> List String -> String -> String)",
      "src/Declared.mad#ParsedValidation": "{ flags :: List Flag, issues :: List Invalid }"
    },
    "apiInterfaces": {},
    "apiNames": {
      "src/Flags.mad#isFlag": "String -> Boolean",
      "src/String.mad#splitLowerKebab": "Fission",
      "src/Log.mad#log": "(Show a, Show b, Show c, Show d, Show e) => { detail :: String -> e -> e, detailStack :: String -> d -> d, error :: String -> c -> c, tag :: String -> b -> b, validate :: String -> a -> a }",
      "validate": "List DeclaredFlag -> List Flag -> Either (List Invalid) (List Flag)",
      "src/Flags.mad#_handleStringFlag": "List Flag -> List String -> String -> List Flag",
      "src/String.mad#camelToKebab": "String -> String",
      "src/Declared.mad#ExpectedBoolean": "String -> Invalid",
      "printMarkdownLegend": "List DeclaredFlag -> String",
      "src/String.mad#lowerKebab": "Pair",
      "off": "String -> Flag",
      "src/String.mad#camelToFlag": "String -> String",
      "src/Log.mad#LOGS": "{ detail :: Tag, detailStack :: Tag, error :: Tag, tag :: Tag, validate :: Tag }",
      "printLegendWithColor": "List DeclaredFlag -> String",
      "DeclaredFlag": "FlagKind -> String -> List String -> String -> DeclaredFlag",
      "flagBoolean": "String -> List String -> String -> DeclaredFlag",
      "src/Flags.mad#_handleBooleanFlag": "List Flag -> String -> String -> List Flag",
      "src/Declared.mad#ExpectedString": "String -> Invalid",
      "ExpectedBoolean": "String -> Invalid",
      "src/Declared/Print.mad#printMarkdownLegend": "List DeclaredFlag -> String",
      "src/Declared.mad#flagBoolean": "String -> List String -> String -> DeclaredFlag",
      "src/Declared.mad#UnexpectedFlag": "String -> Invalid",
      "Flag": "String -> String -> Flag",
      "src/Declared/Flags.mad#flagBoolean": "String -> List String -> String -> DeclaredFlag",
      "src/Flags.mad#_handleMultipleBooleanFlags": "List Flag -> List String -> List Flag",
      "src/Flags.mad#isStringFlag": "String -> Boolean",
      "src/String.mad#kebabToCamel": "String -> String",
      "src/Flags.mad#on": "String -> Flag",
      "src/String.mad#flagToCamel": "String -> String",
      "flagString": "String -> List String -> String -> DeclaredFlag",
      "FlagToggle": "String -> Boolean -> Flag",
      "src/Declared/Print.mad#printLegendWithColor": "List DeclaredFlag -> String",
      "printLegend": "List DeclaredFlag -> String",
      "printIssues": "List Invalid -> String",
      "src/Declared.mad#printMarkdownLegend": "List DeclaredFlag -> String",
      "src/Declared.mad#printLegend": "List DeclaredFlag -> String",
      "check": "List DeclaredFlag -> List Flag -> { flags :: List Flag, issues :: List Invalid }",
      "src/Flags.mad#_splitJointFlags": "String -> List String",
      "ExpectedString": "String -> Invalid",
      "isNegatedFlag": "String -> Boolean",
      "on": "String -> Flag",
      "src/Declared/Print.mad#printIssues": "List Invalid -> String",
      "src/Declared/Print.mad#printWithRenderer": "(String -> String -> List String -> String -> String) -> List DeclaredFlag -> String",
      "src/Declared.mad#check": "List DeclaredFlag -> List Flag -> { flags :: List Flag, issues :: List Invalid }",
      "src/Flags.mad#isShortFlag": "String -> Boolean",
      "printWithRenderer": "(String -> String -> List String -> String -> String) -> List DeclaredFlag -> String",
      "src/Declared.mad#FBoolean": "FlagKind",
      "src/String.mad#stripQuotes": "String -> String",
      "src/Flags.mad#off": "String -> Flag",
      "parseFlags": "List String -> List Flag",
      "src/Flags.mad#isNegatedFlag": "String -> Boolean",
      "src/Declared.mad#printLegendWithColor": "List DeclaredFlag -> String",
      "src/Declared/Print.mad#printLegend": "List DeclaredFlag -> String",
      "src/Flags.mad#_updateStack": "List Flag -> Maybe (List String) -> List String -> List Flag",
      "isShortFlag": "String -> Boolean",
      "src/Flags.mad#parseFlags": "List String -> List Flag",
      "src/Declared.mad#validate": "List DeclaredFlag -> List Flag -> Either (List Invalid) (List Flag)",
      "src/Declared.mad#flagify": "String -> String",
      "src/Declared/Print.mad#flagify": "String -> String",
      "src/Declared.mad#printIssues": "List Invalid -> String",
      "src/String.mad#_translate": "Boolean -> String -> String",
      "src/Declared.mad#flagString": "String -> List String -> String -> DeclaredFlag",
      "src/String.mad#hasCapitals": "String -> Boolean",
      "src/Flags.mad#_handleOtherFlags": "List Flag -> String -> List String -> List Flag",
      "flagSlug": "String -> String",
      "src/Declared/Flags.mad#flagString": "String -> List String -> String -> DeclaredFlag",
      "src/Declared.mad#DeclaredFlag": "FlagKind -> String -> List String -> String -> DeclaredFlag",
      "UnexpectedFlag": "String -> Invalid",
      "isStringFlag": "String -> Boolean",
      "src/Declared.mad#FString": "FlagKind",
      "flagify": "String -> String",
      "isFlag": "String -> Boolean",
      "src/String.mad#joinLowerKebab": "Fusion",
      "src/Flags.mad#flagSlug": "String -> String",
      "src/Declared.mad#printWithRenderer": "(String -> String -> List String -> String -> String) -> List DeclaredFlag -> String"
    },
    "apiTypes": {
      "src/Declared/Flags.mad#Invalid": [
        "ExpectedBoolean String",
        "ExpectedString String",
        "UnexpectedFlag String"
      ],
      "src/Declared/Flags.mad#DeclaredFlag": [
        "DeclaredFlag FlagKind String (List String) String"
      ],
      "src/Declared/Flags.mad#FlagKind": [
        "FString",
        "FBoolean"
      ],
      "src/Flags.mad#Flag": [
        "FlagToggle String Boolean",
        "Flag String String"
      ]
    }
  },
  "versionHash": "25e64aa754c310d45c1e084d574c1bb0"
}
